
Microsoft Visual Studio Solution File, Format Version 12.00
# Visual Studio Version 17
VisualStudioVersion = 17.6.33829.357
MinimumVisualStudioVersion = 10.0.40219.1
Project("{8BC9CEB8-8B4A-11D0-8D11-00A0C91BC942}") = "do while", "do while\do while.vcxproj", "{5EE90908-0C96-4999-B48D-F16434D9C939}"
EndProject
Global
	GlobalSection(SolutionConfigurationPlatforms) = preSolution
		Debug|x64 = Debug|x64
		Debug|x86 = Debug|x86
		Release|x64 = Release|x64
		Release|x86 = Release|x86
	EndGlobalSection
	GlobalSection(ProjectConfigurationPlatforms) = postSolution
		{5EE90908-0C96-4999-B48D-F16434D9C939}.Debug|x64.ActiveCfg = Debug|x64
		{5EE90908-0C96-4999-B48D-F16434D9C939}.Debug|x64.Build.0 = Debug|x64
		{5EE90908-0C96-4999-B48D-F16434D9C939}.Debug|x86.ActiveCfg = Debug|Win32
		{5EE90908-0C96-4999-B48D-F16434D9C939}.Debug|x86.Build.0 = Debug|Win32
		{5EE90908-0C96-4999-B48D-F16434D9C939}.Release|x64.ActiveCfg = Release|x64
		{5EE90908-0C96-4999-B48D-F16434D9C939}.Release|x64.Build.0 = Release|x64
		{5EE90908-0C96-4999-B48D-F16434D9C939}.Release|x86.ActiveCfg = Release|Win32
		{5EE90908-0C96-4999-B48D-F16434D9C939}.Release|x86.Build.0 = Release|Win32
	EndGlobalSection
	GlobalSection(SolutionProperties) = preSolution
		HideSolutionNode = FALSE
	EndGlobalSection
	GlobalSection(ExtensibilityGlobals) = postSolution
		SolutionGuid = {A88A0066-4732-4199-94BD-0AC1274E3E1C}
	EndGlobalSection
EndGlobal
